
Microsoft Visual Studio Solution File, Format Version 12.00
# Visual Studio Version 16
VisualStudioVersion = 16.0.29613.14
MinimumVisualStudioVersion = 10.0.40219.1
Project("{9A19103F-16F7-4668-BE54-9A1E7A4F7556}") = "TastyBot", "TastyBot.csproj", "{6BE77487-F358-4D6B-9986-B284D916716E}"
EndProject
Project("{9A19103F-16F7-4668-BE54-9A1E7A4F7556}") = "FutureHeadPats", "..\FutureHeadPats\FutureHeadPats.csproj", "{A674C6A7-9612-4F6E-8969-708C7A37DF6C}"
EndProject
Project("{9A19103F-16F7-4668-BE54-9A1E7A4F7556}") = "Authorization", "..\Authorization\Authorization.csproj", "{B0F27AC7-473F-47FC-BE37-EADE9F3664C8}"
EndProject
Project("{9A19103F-16F7-4668-BE54-9A1E7A4F7556}") = "FileMananger", "..\FileMananger\FileMananger.csproj", "{F74CBD30-2687-4C8E-8CD6-2937858851CE}"
EndProject
Project("{9A19103F-16F7-4668-BE54-9A1E7A4F7556}") = "HeadpatDungeon", "..\HeadpatDungeon\HeadpatDungeon.csproj", "{3144D937-5CED-4F55-B6E6-CA6713EEB99C}"
EndProject
Project("{FAE04EC0-301F-11D3-BF4B-00C04F79EFBC}") = "MasterMind", "..\MasterMind\MasterMind.csproj", "{1485329D-08A4-4495-88FF-112A007D376B}"
EndProject
Global
	GlobalSection(SolutionConfigurationPlatforms) = preSolution
		Debug|Any CPU = Debug|Any CPU
		Release|Any CPU = Release|Any CPU
	EndGlobalSection
	GlobalSection(ProjectConfigurationPlatforms) = postSolution
		{6BE77487-F358-4D6B-9986-B284D916716E}.Debug|Any CPU.ActiveCfg = Debug|Any CPU
		{6BE77487-F358-4D6B-9986-B284D916716E}.Debug|Any CPU.Build.0 = Debug|Any CPU
		{6BE77487-F358-4D6B-9986-B284D916716E}.Release|Any CPU.ActiveCfg = Release|Any CPU
		{6BE77487-F358-4D6B-9986-B284D916716E}.Release|Any CPU.Build.0 = Release|Any CPU
		{A674C6A7-9612-4F6E-8969-708C7A37DF6C}.Debug|Any CPU.ActiveCfg = Debug|Any CPU
		{A674C6A7-9612-4F6E-8969-708C7A37DF6C}.Debug|Any CPU.Build.0 = Debug|Any CPU
		{A674C6A7-9612-4F6E-8969-708C7A37DF6C}.Release|Any CPU.ActiveCfg = Release|Any CPU
		{A674C6A7-9612-4F6E-8969-708C7A37DF6C}.Release|Any CPU.Build.0 = Release|Any CPU
		{B0F27AC7-473F-47FC-BE37-EADE9F3664C8}.Debug|Any CPU.ActiveCfg = Debug|Any CPU
		{B0F27AC7-473F-47FC-BE37-EADE9F3664C8}.Debug|Any CPU.Build.0 = Debug|Any CPU
		{B0F27AC7-473F-47FC-BE37-EADE9F3664C8}.Release|Any CPU.ActiveCfg = Release|Any CPU
		{B0F27AC7-473F-47FC-BE37-EADE9F3664C8}.Release|Any CPU.Build.0 = Release|Any CPU
		{F74CBD30-2687-4C8E-8CD6-2937858851CE}.Debug|Any CPU.ActiveCfg = Debug|Any CPU
		{F74CBD30-2687-4C8E-8CD6-2937858851CE}.Debug|Any CPU.Build.0 = Debug|Any CPU
		{F74CBD30-2687-4C8E-8CD6-2937858851CE}.Release|Any CPU.ActiveCfg = Release|Any CPU
		{F74CBD30-2687-4C8E-8CD6-2937858851CE}.Release|Any CPU.Build.0 = Release|Any CPU
		{3144D937-5CED-4F55-B6E6-CA6713EEB99C}.Debug|Any CPU.ActiveCfg = Debug|Any CPU
		{3144D937-5CED-4F55-B6E6-CA6713EEB99C}.Debug|Any CPU.Build.0 = Debug|Any CPU
		{3144D937-5CED-4F55-B6E6-CA6713EEB99C}.Release|Any CPU.ActiveCfg = Release|Any CPU
		{3144D937-5CED-4F55-B6E6-CA6713EEB99C}.Release|Any CPU.Build.0 = Release|Any CPU
		{1485329D-08A4-4495-88FF-112A007D376B}.Debug|Any CPU.ActiveCfg = Debug|Any CPU
		{1485329D-08A4-4495-88FF-112A007D376B}.Debug|Any CPU.Build.0 = Debug|Any CPU
		{1485329D-08A4-4495-88FF-112A007D376B}.Release|Any CPU.ActiveCfg = Release|Any CPU
		{1485329D-08A4-4495-88FF-112A007D376B}.Release|Any CPU.Build.0 = Release|Any CPU
	EndGlobalSection
	GlobalSection(SolutionProperties) = preSolution
		HideSolutionNode = FALSE
	EndGlobalSection
	GlobalSection(ExtensibilityGlobals) = postSolution
		SolutionGuid = {CE52C81B-C9C5-42DC-9506-DB00780B91DE}
	EndGlobalSection
EndGlobal
