
Microsoft Visual Studio Solution File, Format Version 12.00
# Visual Studio Version 16
VisualStudioVersion = 16.0.29613.14
MinimumVisualStudioVersion = 10.0.40219.1
Project("{FAE04EC0-301F-11D3-BF4B-00C04F79EFBC}") = "TastyBot", "TastyBot.csproj", "{6BE77487-F358-4D6B-9986-B284D916716E}"
EndProject
Global
	GlobalSection(SolutionConfigurationPlatforms) = preSolution
		Debug|Any CPU = Debug|Any CPU
		Release|Any CPU = Release|Any CPU
	EndGlobalSection
	GlobalSection(ProjectConfigurationPlatforms) = postSolution
		{6BE77487-F358-4D6B-9986-B284D916716E}.Debug|Any CPU.ActiveCfg = Debug|Any CPU
		{6BE77487-F358-4D6B-9986-B284D916716E}.Debug|Any CPU.Build.0 = Debug|Any CPU
		{6BE77487-F358-4D6B-9986-B284D916716E}.Release|Any CPU.ActiveCfg = Release|Any CPU
		{6BE77487-F358-4D6B-9986-B284D916716E}.Release|Any CPU.Build.0 = Release|Any CPU
	EndGlobalSection
	GlobalSection(SolutionProperties) = preSolution
		HideSolutionNode = FALSE
	EndGlobalSection
	GlobalSection(ExtensibilityGlobals) = postSolution
		SolutionGuid = {CE52C81B-C9C5-42DC-9506-DB00780B91DE}
	EndGlobalSection
EndGlobal
